lockfileVersion: '9.0'

settings:
  autoInstallPeers: true
  excludeLinksFromLockfile: false

importers:

  .:
    dependencies:
      '@ionic/vue':
        specifier: ^8.7.17
        version: 8.7.17(@stencil/core@4.41.3)(vue-router@4.6.4(vue@3.5.27))(vue@3.5.27)
      '@ionic/vue-router':
        specifier: ^8.7.17
        version: 8.7.17(@stencil/core@4.41.3)(vue-router@4.6.4(vue@3.5.27))(vue@3.5.27)
      chart.js:
        specifier: ^4.5.1
        version: 4.5.1
      vue-chartjs:
        specifier: ^5.3.3
        version: 5.3.3(chart.js@4.5.1)(vue@3.5.27)
      vue-router:
        specifier: ^4.6.4
        version: 4.6.4(vue@3.5.27)

packages:

  '@babel/helper-string-parser@7.27.1':
    resolution: {integrity: sha512-qMlSxKbpRlAridDExk92nSobyDdpPijUq2DW6oDnUqd0iOGxmQjyqhMIihI9+zv4LPyZdRje2cavWPbCbWm3eA==}
    engines: {node: '>=6.9.0'}

  '@babel/helper-validator-identifier@7.28.5':
    resolution: {integrity: sha512-qSs4ifwzKJSV39ucNjsvc6WVHs6b7S03sOh2OcHF9UHfVPqWWALUsNUVzhSBiItjRZoLHx7nIarVjqKVusUZ1Q==}
    engines: {node: '>=6.9.0'}

  '@babel/parser@7.28.6':
    resolution: {integrity: sha512-TeR9zWR18BvbfPmGbLampPMW+uW1NZnJlRuuHso8i87QZNq2JRF9i6RgxRqtEq+wQGsS19NNTWr2duhnE49mfQ==}
    engines: {node: '>=6.0.0'}
    hasBin: true

  '@babel/types@7.28.6':
    resolution: {integrity: sha512-0ZrskXVEHSWIqZM/sQZ4EV3jZJXRkio/WCxaqKZP1g//CEWEPSfeZFcms4XeKBCHU0ZKnIkdJeU/kF+eRp5lBg==}
    engines: {node: '>=6.9.0'}

  '@ionic/core@8.7.17':
    resolution: {integrity: sha512-gp7PIEJX27NX/FkjiUlpjQUtJiFFE5W1lofRC5CfORQ8p4PrLh9wJO9EJH0YryCr2qZS0k47sYgRQP5FwiXlpg==}
    engines: {node: '>= 16'}

  '@ionic/vue-router@8.7.17':
    resolution: {integrity: sha512-RQ50mrbTmNJGYOBq1UFjCUuEWhTwqStgb5ETf4g7r5qYLHpbjUINsr6K9Uj2FYzJR1Kvpu7mJn0HlaPwYuC2sQ==}

  '@ionic/vue@8.7.17':
    resolution: {integrity: sha512-S/UQc/ytauWxcAtM6cLz1mbpqwv8xuSdTzF8aslPi8zGELdXJSg48QBP6ehhFj+uv8qsblrRd4TjCQYyskyMCQ==}

  '@jridgewell/sourcemap-codec@1.5.5':
    resolution: {integrity: sha512-cYQ9310grqxueWbl+WuIUIaiUaDcj7WOq5fVhEljNVgRfOUhY9fy2zTvfoqWsnebh8Sl70VScFbICvJnLKB0Og==}

  '@kurkle/color@0.3.4':
    resolution: {integrity: sha512-M5UknZPHRu3DEDWoipU6sE8PdkZ6Z/S+v4dD+Ke8IaNlpdSQah50lz1KtcFBa2vsdOnwbbnxJwVM4wty6udA5w==}

  '@rollup/rollup-darwin-arm64@4.34.9':
    resolution: {integrity: sha512-0CY3/K54slrzLDjOA7TOjN1NuLKERBgk9nY5V34mhmuu673YNb+7ghaDUs6N0ujXR7fz5XaS5Aa6d2TNxZd0OQ==}
    cpu: [arm64]
    os: [darwin]

  '@rollup/rollup-darwin-x64@4.34.9':
    resolution: {integrity: sha512-eOojSEAi/acnsJVYRxnMkPFqcxSMFfrw7r2iD9Q32SGkb/Q9FpUY1UlAu1DH9T7j++gZ0lHjnm4OyH2vCI7l7Q==}
    cpu: [x64]
    os: [darwin]

  '@rollup/rollup-linux-arm64-gnu@4.34.9':
    resolution: {integrity: sha512-6TZjPHjKZUQKmVKMUowF3ewHxctrRR09eYyvT5eFv8w/fXarEra83A2mHTVJLA5xU91aCNOUnM+DWFMSbQ0Nxw==}
    cpu: [arm64]
    os: [linux]

  '@rollup/rollup-linux-arm64-musl@4.34.9':
    resolution: {integrity: sha512-LD2fytxZJZ6xzOKnMbIpgzFOuIKlxVOpiMAXawsAZ2mHBPEYOnLRK5TTEsID6z4eM23DuO88X0Tq1mErHMVq0A==}
    cpu: [arm64]
    os: [linux]

  '@rollup/rollup-linux-x64-gnu@4.34.9':
    resolution: {integrity: sha512-FwBHNSOjUTQLP4MG7y6rR6qbGw4MFeQnIBrMe161QGaQoBQLqSUEKlHIiVgF3g/mb3lxlxzJOpIBhaP+C+KP2A==}
    cpu: [x64]
    os: [linux]

  '@rollup/rollup-linux-x64-musl@4.34.9':
    resolution: {integrity: sha512-cYRpV4650z2I3/s6+5/LONkjIz8MBeqrk+vPXV10ORBnshpn8S32bPqQ2Utv39jCiDcO2eJTuSlPXpnvmaIgRA==}
    cpu: [x64]
    os: [linux]

  '@rollup/rollup-win32-arm64-msvc@4.34.9':
    resolution: {integrity: sha512-z4mQK9dAN6byRA/vsSgQiPeuO63wdiDxZ9yg9iyX2QTzKuQM7T4xlBoeUP/J8uiFkqxkcWndWi+W7bXdPbt27Q==}
    cpu: [arm64]
    os: [win32]

  '@rollup/rollup-win32-x64-msvc@4.34.9':
    resolution: {integrity: sha512-AyleYRPU7+rgkMWbEh71fQlrzRfeP6SyMnRf9XX4fCdDPAJumdSBqYEcWPMzVQ4ScAl7E4oFfK0GUVn77xSwbw==}
    cpu: [x64]
    os: [win32]

  '@stencil/core@4.38.0':
    resolution: {integrity: sha512-oC3QFKO0X1yXVvETgc8OLY525MNKhn9vISBrbtKnGoPlokJ6rI8Vk1RK22TevnNrHLI4SExNLbcDnqilKR35JQ==}
    engines: {node: '>=16.0.0', npm: '>=7.10.0'}
    hasBin: true

  '@stencil/core@4.41.3':
    resolution: {integrity: sha512-zQ/7/hwsJBKYz0CzN3LyKJ3JdnNTdsYMY+futdyodTLkPNlPeRWVF1EI5syaBb09W+ay/T+TsYbPMXbXgG/3qQ==}
    engines: {node: '>=16.0.0', npm: '>=7.10.0'}
    hasBin: true

  '@stencil/vue-output-target@0.10.7':
    resolution: {integrity: sha512-IYxDe+SLCkwhwsWRdynE31rTK1zN3hVwwojQ/V9lrN8Gnx4PTvrUQHiRno9jFo1dk+EaBZWX9gZSmXta0ZaZew==}
    peerDependencies:
      '@stencil/core': '>=2.0.0 || >=3 || >= 4.0.0-beta.0 || >= 4.0.0'
      vue: ^3.4.38
      vue-router: ^4.5.0
    peerDependenciesMeta:
      '@stencil/core':
        optional: true
      vue-router:
        optional: true

  '@vue/compiler-core@3.5.27':
    resolution: {integrity: sha512-gnSBQjZA+//qDZen+6a2EdHqJ68Z7uybrMf3SPjEGgG4dicklwDVmMC1AeIHxtLVPT7sn6sH1KOO+tS6gwOUeQ==}

  '@vue/compiler-dom@3.5.27':
    resolution: {integrity: sha512-oAFea8dZgCtVVVTEC7fv3T5CbZW9BxpFzGGxC79xakTr6ooeEqmRuvQydIiDAkglZEAd09LgVf1RoDnL54fu5w==}

  '@vue/compiler-sfc@3.5.27':
    resolution: {integrity: sha512-sHZu9QyDPeDmN/MRoshhggVOWE5WlGFStKFwu8G52swATgSny27hJRWteKDSUUzUH+wp+bmeNbhJnEAel/auUQ==}

  '@vue/compiler-ssr@3.5.27':
    resolution: {integrity: sha512-Sj7h+JHt512fV1cTxKlYhg7qxBvack+BGncSpH+8vnN+KN95iPIcqB5rsbblX40XorP+ilO7VIKlkuu3Xq2vjw==}

  '@vue/devtools-api@6.6.4':
    resolution: {integrity: sha512-sGhTPMuXqZ1rVOk32RylztWkfXTRhuS7vgAKv0zjqk8gbsHkJ7xfFf+jbySxt7tWObEJwyKaHMikV/WGDiQm8g==}

  '@vue/reactivity@3.5.27':
    resolution: {integrity: sha512-vvorxn2KXfJ0nBEnj4GYshSgsyMNFnIQah/wczXlsNXt+ijhugmW+PpJ2cNPe4V6jpnBcs0MhCODKllWG+nvoQ==}

  '@vue/runtime-core@3.5.27':
    resolution: {integrity: sha512-fxVuX/fzgzeMPn/CLQecWeDIFNt3gQVhxM0rW02Tvp/YmZfXQgcTXlakq7IMutuZ/+Ogbn+K0oct9J3JZfyk3A==}

  '@vue/runtime-dom@3.5.27':
    resolution: {integrity: sha512-/QnLslQgYqSJ5aUmb5F0z0caZPGHRB8LEAQ1s81vHFM5CBfnun63rxhvE/scVb/j3TbBuoZwkJyiLCkBluMpeg==}

  '@vue/server-renderer@3.5.27':
    resolution: {integrity: sha512-qOz/5thjeP1vAFc4+BY3Nr6wxyLhpeQgAE/8dDtKo6a6xdk+L4W46HDZgNmLOBUDEkFXV3G7pRiUqxjX0/2zWA==}
    peerDependencies:
      vue: 3.5.27

  '@vue/shared@3.5.27':
    resolution: {integrity: sha512-dXr/3CgqXsJkZ0n9F3I4elY8wM9jMJpP3pvRG52r6m0tu/MsAFIe6JpXVGeNMd/D9F4hQynWT8Rfuj0bdm9kFQ==}

  chart.js@4.5.1:
    resolution: {integrity: sha512-GIjfiT9dbmHRiYi6Nl2yFCq7kkwdkp1W/lp2J99rX0yo9tgJGn3lKQATztIjb5tVtevcBtIdICNWqlq5+E8/Pw==}
    engines: {pnpm: '>=8'}

  csstype@3.2.3:
    resolution: {integrity: sha512-z1HGKcYy2xA8AGQfwrn0PAy+PB7X/GSj3UVJW9qKyn43xWa+gl5nXmU4qqLMRzWVLFC8KusUX8T/0kCiOYpAIQ==}

  entities@7.0.1:
    resolution: {integrity: sha512-TWrgLOFUQTH994YUyl1yT4uyavY5nNB5muff+RtWaqNVCAK408b5ZnnbNAUEWLTCpum9w6arT70i1XdQ4UeOPA==}
    engines: {node: '>=0.12'}

  estree-walker@2.0.2:
    resolution: {integrity: sha512-Rfkk/Mp/DL7JVje3u18FxFujQlTNR2q6QfMSMB7AvCBx91NGj/ba3kCfza0f6dVDbw7YlRf/nDrn7pQrCCyQ/w==}

  ionicons@8.0.13:
    resolution: {integrity: sha512-2QQVyG2P4wszne79jemMjWYLp0DBbDhr4/yFroPCxvPP1wtMxgdIV3l5n+XZ5E9mgoXU79w7yTWpm2XzJsISxQ==}

  magic-string@0.30.21:
    resolution: {integrity: sha512-vd2F4YUyEXKGcLHoq+TEyCjxueSeHnFxyyjNp80yg0XV4vUhnDer/lvvlqM/arB5bXQN5K2/3oinyCRyx8T2CQ==}

  nanoid@3.3.11:
    resolution: {integrity: sha512-N8SpfPUnUp1bK+PMYW8qSWdl9U+wwNWI4QKxOYDy9JAro3WMX7p2OeVRF9v+347pnakNevPmiHhNmZ2HbFA76w==}
    engines: {node: ^10 || ^12 || ^13.7 || ^14 || >=15.0.1}
    hasBin: true

  picocolors@1.1.1:
    resolution: {integrity: sha512-xceH2snhtb5M9liqDsmEw56le376mTZkEX/jEb/RxNFyegNul7eNslCXP9FDj/Lcu0X8KEyMceP2ntpaHrDEVA==}

  postcss@8.5.6:
    resolution: {integrity: sha512-3Ybi1tAuwAP9s0r1UQ2J4n5Y0G05bJkpUIO0/bI9MhwmD70S5aTWbXGBwxHrelT+XM1k6dM0pk+SwNkpTRN7Pg==}
    engines: {node: ^10 || ^12 || >=14}

  source-map-js@1.2.1:
    resolution: {integrity: sha512-UXWMKhLOwVKb728IUtQPXxfYU+usdybtUrK/8uGE8CQMvrhOpwvzDBwj0QhSL7MQc7vIsISBG8VQ8+IDQxpfQA==}
    engines: {node: '>=0.10.0'}

  tslib@2.8.1:
    resolution: {integrity: sha512-oJFu94HQb+KVduSUQL7wnpmqnfmLsOA/nAh6b6EH0wCEoK0/mPeXU6c3wKDV83MkOuHPRHtSXKKU99IBazS/2w==}

  vue-chartjs@5.3.3:
    resolution: {integrity: sha512-jqxtL8KZ6YJ5NTv6XzrzLS7osyegOi28UGNZW0h9OkDL7Sh1396ht4Dorh04aKrl2LiSalQ84WtqiG0RIJb0tA==}
    peerDependencies:
      chart.js: ^4.1.1
      vue: ^3.0.0-0 || ^2.7.0

  vue-router@4.6.4:
    resolution: {integrity: sha512-Hz9q5sa33Yhduglwz6g9skT8OBPii+4bFn88w6J+J4MfEo4KRRpmiNG/hHHkdbRFlLBOqxN8y8gf2Fb0MTUgVg==}
    peerDependencies:
      vue: ^3.5.0

  vue@3.5.27:
    resolution: {integrity: sha512-aJ/UtoEyFySPBGarREmN4z6qNKpbEguYHMmXSiOGk69czc+zhs0NF6tEFrY8TZKAl8N/LYAkd4JHVd5E/AsSmw==}
    peerDependencies:
      typescript: '*'
    peerDependenciesMeta:
      typescript:
        optional: true

snapshots:

  '@babel/helper-string-parser@7.27.1': {}

  '@babel/helper-validator-identifier@7.28.5': {}

  '@babel/parser@7.28.6':
    dependencies:
      '@babel/types': 7.28.6

  '@babel/types@7.28.6':
    dependencies:
      '@babel/helper-string-parser': 7.27.1
      '@babel/helper-validator-identifier': 7.28.5

  '@ionic/core@8.7.17':
    dependencies:
      '@stencil/core': 4.38.0
      ionicons: 8.0.13
      tslib: 2.8.1

  '@ionic/vue-router@8.7.17(@stencil/core@4.41.3)(vue-router@4.6.4(vue@3.5.27))(vue@3.5.27)':
    dependencies:
      '@ionic/vue': 8.7.17(@stencil/core@4.41.3)(vue-router@4.6.4(vue@3.5.27))(vue@3.5.27)
    transitivePeerDependencies:
      - '@stencil/core'
      - vue
      - vue-router

  '@ionic/vue@8.7.17(@stencil/core@4.41.3)(vue-router@4.6.4(vue@3.5.27))(vue@3.5.27)':
    dependencies:
      '@ionic/core': 8.7.17
      '@stencil/vue-output-target': 0.10.7(@stencil/core@4.41.3)(vue-router@4.6.4(vue@3.5.27))(vue@3.5.27)
      ionicons: 8.0.13
    transitivePeerDependencies:
      - '@stencil/core'
      - vue
      - vue-router

  '@jridgewell/sourcemap-codec@1.5.5': {}

  '@kurkle/color@0.3.4': {}

  '@rollup/rollup-darwin-arm64@4.34.9':
    optional: true

  '@rollup/rollup-darwin-x64@4.34.9':
    optional: true

  '@rollup/rollup-linux-arm64-gnu@4.34.9':
    optional: true

  '@rollup/rollup-linux-arm64-musl@4.34.9':
    optional: true

  '@rollup/rollup-linux-x64-gnu@4.34.9':
    optional: true

  '@rollup/rollup-linux-x64-musl@4.34.9':
    optional: true

  '@rollup/rollup-win32-arm64-msvc@4.34.9':
    optional: true

  '@rollup/rollup-win32-x64-msvc@4.34.9':
    optional: true

  '@stencil/core@4.38.0':
    optionalDependencies:
      '@rollup/rollup-darwin-arm64': 4.34.9
      '@rollup/rollup-darwin-x64': 4.34.9
      '@rollup/rollup-linux-arm64-gnu': 4.34.9
      '@rollup/rollup-linux-arm64-musl': 4.34.9
      '@rollup/rollup-linux-x64-gnu': 4.34.9
      '@rollup/rollup-linux-x64-musl': 4.34.9
      '@rollup/rollup-win32-arm64-msvc': 4.34.9
      '@rollup/rollup-win32-x64-msvc': 4.34.9

  '@stencil/core@4.41.3':
    optionalDependencies:
      '@rollup/rollup-darwin-arm64': 4.34.9
      '@rollup/rollup-darwin-x64': 4.34.9
      '@rollup/rollup-linux-arm64-gnu': 4.34.9
      '@rollup/rollup-linux-arm64-musl': 4.34.9
      '@rollup/rollup-linux-x64-gnu': 4.34.9
      '@rollup/rollup-linux-x64-musl': 4.34.9
      '@rollup/rollup-win32-arm64-msvc': 4.34.9
      '@rollup/rollup-win32-x64-msvc': 4.34.9

  '@stencil/vue-output-target@0.10.7(@stencil/core@4.41.3)(vue-router@4.6.4(vue@3.5.27))(vue@3.5.27)':
    dependencies:
      vue: 3.5.27
    optionalDependencies:
      '@stencil/core': 4.41.3
      vue-router: 4.6.4(vue@3.5.27)

  '@vue/compiler-core@3.5.27':
    dependencies:
      '@babel/parser': 7.28.6
      '@vue/shared': 3.5.27
      entities: 7.0.1
      estree-walker: 2.0.2
      source-map-js: 1.2.1

  '@vue/compiler-dom@3.5.27':
    dependencies:
      '@vue/compiler-core': 3.5.27
      '@vue/shared': 3.5.27

  '@vue/compiler-sfc@3.5.27':
    dependencies:
      '@babel/parser': 7.28.6
      '@vue/compiler-core': 3.5.27
      '@vue/compiler-dom': 3.5.27
      '@vue/compiler-ssr': 3.5.27
      '@vue/shared': 3.5.27
      estree-walker: 2.0.2
      magic-string: 0.30.21
      postcss: 8.5.6
      source-map-js: 1.2.1

  '@vue/compiler-ssr@3.5.27':
    dependencies:
      '@vue/compiler-dom': 3.5.27
      '@vue/shared': 3.5.27

  '@vue/devtools-api@6.6.4': {}

  '@vue/reactivity@3.5.27':
    dependencies:
      '@vue/shared': 3.5.27

  '@vue/runtime-core@3.5.27':
    dependencies:
      '@vue/reactivity': 3.5.27
      '@vue/shared': 3.5.27

  '@vue/runtime-dom@3.5.27':
    dependencies:
      '@vue/reactivity': 3.5.27
      '@vue/runtime-core': 3.5.27
      '@vue/shared': 3.5.27
      csstype: 3.2.3

  '@vue/server-renderer@3.5.27(vue@3.5.27)':
    dependencies:
      '@vue/compiler-ssr': 3.5.27
      '@vue/shared': 3.5.27
      vue: 3.5.27

  '@vue/shared@3.5.27': {}

  chart.js@4.5.1:
    dependencies:
      '@kurkle/color': 0.3.4

  csstype@3.2.3: {}

  entities@7.0.1: {}

  estree-walker@2.0.2: {}

  ionicons@8.0.13:
    dependencies:
      '@stencil/core': 4.41.3

  magic-string@0.30.21:
    dependencies:
      '@jridgewell/sourcemap-codec': 1.5.5

  nanoid@3.3.11: {}

  picocolors@1.1.1: {}

  postcss@8.5.6:
    dependencies:
      nanoid: 3.3.11
      picocolors: 1.1.1
      source-map-js: 1.2.1

  source-map-js@1.2.1: {}

  tslib@2.8.1: {}

  vue-chartjs@5.3.3(chart.js@4.5.1)(vue@3.5.27):
    dependencies:
      chart.js: 4.5.1
      vue: 3.5.27

  vue-router@4.6.4(vue@3.5.27):
    dependencies:
      '@vue/devtools-api': 6.6.4
      vue: 3.5.27

  vue@3.5.27:
    dependencies:
      '@vue/compiler-dom': 3.5.27
      '@vue/compiler-sfc': 3.5.27
      '@vue/runtime-dom': 3.5.27
      '@vue/server-renderer': 3.5.27(vue@3.5.27)
      '@vue/shared': 3.5.27
